
Microsoft Visual Studio Solution File, Format Version 12.00
# Visual Studio Version 17
VisualStudioVersion = 17.0.32630.193
MinimumVisualStudioVersion = 10.0.40219.1
Project("{9A19103F-16F7-4668-BE54-9A1E7A4F7556}") = "C_Sharp_Tutorial", "C_Sharp_Tutorial.csproj", "{46A522A7-15C9-4A7D-83C0-0EF092770ED2}"
EndProject
Global
	GlobalSection(SolutionConfigurationPlatforms) = preSolution
		Debug|Any CPU = Debug|Any CPU
		Release|Any CPU = Release|Any CPU
	EndGlobalSection
	GlobalSection(ProjectConfigurationPlatforms) = postSolution
		{46A522A7-15C9-4A7D-83C0-0EF092770ED2}.Debug|Any CPU.ActiveCfg = Debug|Any CPU
		{46A522A7-15C9-4A7D-83C0-0EF092770ED2}.Debug|Any CPU.Build.0 = Debug|Any CPU
		{46A522A7-15C9-4A7D-83C0-0EF092770ED2}.Release|Any CPU.ActiveCfg = Release|Any CPU
		{46A522A7-15C9-4A7D-83C0-0EF092770ED2}.Release|Any CPU.Build.0 = Release|Any CPU
	EndGlobalSection
	GlobalSection(SolutionProperties) = preSolution
		HideSolutionNode = FALSE
	EndGlobalSection
	GlobalSection(ExtensibilityGlobals) = postSolution
		SolutionGuid = {FE7C0C33-5003-47BA-B3AD-C9287DC43EC0}
	EndGlobalSection
EndGlobal
